
Microsoft Visual Studio Solution File, Format Version 12.00
# Visual Studio Version 16
VisualStudioVersion = 16.0.32228.343
MinimumVisualStudioVersion = 10.0.40219.1
Project("{FAE04EC0-301F-11D3-BF4B-00C04F79EFBC}") = "Minta_ZH_II", "Minta_ZH_II\Minta_ZH_II.csproj", "{CF005E5E-5B79-4930-98B5-D54CD82AC0EE}"
EndProject
Global
	GlobalSection(SolutionConfigurationPlatforms) = preSolution
		Debug|Any CPU = Debug|Any CPU
		Release|Any CPU = Release|Any CPU
	EndGlobalSection
	GlobalSection(ProjectConfigurationPlatforms) = postSolution
		{CF005E5E-5B79-4930-98B5-D54CD82AC0EE}.Debug|Any CPU.ActiveCfg = Debug|Any CPU
		{CF005E5E-5B79-4930-98B5-D54CD82AC0EE}.Debug|Any CPU.Build.0 = Debug|Any CPU
		{CF005E5E-5B79-4930-98B5-D54CD82AC0EE}.Release|Any CPU.ActiveCfg = Release|Any CPU
		{CF005E5E-5B79-4930-98B5-D54CD82AC0EE}.Release|Any CPU.Build.0 = Release|Any CPU
	EndGlobalSection
	GlobalSection(SolutionProperties) = preSolution
		HideSolutionNode = FALSE
	EndGlobalSection
	GlobalSection(ExtensibilityGlobals) = postSolution
		SolutionGuid = {C0BA8D2B-094F-4601-AAB6-A99A51C8E771}
	EndGlobalSection
EndGlobal
