
Microsoft Visual Studio Solution File, Format Version 12.00
# Visual Studio Version 16
VisualStudioVersion = 16.0.31702.278
MinimumVisualStudioVersion = 10.0.40219.1
Project("{FAE04EC0-301F-11D3-BF4B-00C04F79EFBC}") = "Restaurant", "Restaurant\Restaurant.csproj", "{FB344335-8C52-48D4-AB2D-4523BC1A6021}"
EndProject
Global
	GlobalSection(SolutionConfigurationPlatforms) = preSolution
		Debug|Any CPU = Debug|Any CPU
		Release|Any CPU = Release|Any CPU
	EndGlobalSection
	GlobalSection(ProjectConfigurationPlatforms) = postSolution
		{FB344335-8C52-48D4-AB2D-4523BC1A6021}.Debug|Any CPU.ActiveCfg = Debug|Any CPU
		{FB344335-8C52-48D4-AB2D-4523BC1A6021}.Debug|Any CPU.Build.0 = Debug|Any CPU
		{FB344335-8C52-48D4-AB2D-4523BC1A6021}.Release|Any CPU.ActiveCfg = Release|Any CPU
		{FB344335-8C52-48D4-AB2D-4523BC1A6021}.Release|Any CPU.Build.0 = Release|Any CPU
	EndGlobalSection
	GlobalSection(SolutionProperties) = preSolution
		HideSolutionNode = FALSE
	EndGlobalSection
	GlobalSection(ExtensibilityGlobals) = postSolution
		SolutionGuid = {30C17503-624F-41D6-AB3B-69055B428B26}
	EndGlobalSection
EndGlobal
