
Microsoft Visual Studio Solution File, Format Version 12.00
# Visual Studio Version 16
VisualStudioVersion = 16.0.31424.327
MinimumVisualStudioVersion = 10.0.40219.1
Project("{FAE04EC0-301F-11D3-BF4B-00C04F79EFBC}") = "ValueAtRisk", "ValueAtRisk\ValueAtRisk.csproj", "{FBCB59B4-3BC9-4B9F-9152-95AD60D4CE1B}"
EndProject
Global
	GlobalSection(SolutionConfigurationPlatforms) = preSolution
		Debug|Any CPU = Debug|Any CPU
		Release|Any CPU = Release|Any CPU
	EndGlobalSection
	GlobalSection(ProjectConfigurationPlatforms) = postSolution
		{FBCB59B4-3BC9-4B9F-9152-95AD60D4CE1B}.Debug|Any CPU.ActiveCfg = Debug|Any CPU
		{FBCB59B4-3BC9-4B9F-9152-95AD60D4CE1B}.Debug|Any CPU.Build.0 = Debug|Any CPU
		{FBCB59B4-3BC9-4B9F-9152-95AD60D4CE1B}.Release|Any CPU.ActiveCfg = Release|Any CPU
		{FBCB59B4-3BC9-4B9F-9152-95AD60D4CE1B}.Release|Any CPU.Build.0 = Release|Any CPU
	EndGlobalSection
	GlobalSection(SolutionProperties) = preSolution
		HideSolutionNode = FALSE
	EndGlobalSection
	GlobalSection(ExtensibilityGlobals) = postSolution
		SolutionGuid = {27372E3C-FA5E-422A-ACF4-80EED86E46E4}
	EndGlobalSection
EndGlobal
