
Microsoft Visual Studio Solution File, Format Version 12.00
# Visual Studio Version 16
VisualStudioVersion = 16.0.31424.327
MinimumVisualStudioVersion = 10.0.40219.1
Project("{FAE04EC0-301F-11D3-BF4B-00C04F79EFBC}") = "UserMaintenance", "UserMaintenance.csproj", "{632A47B5-0575-4716-AB49-FE5981B777AD}"
EndProject
Global
	GlobalSection(SolutionConfigurationPlatforms) = preSolution
		Debug|Any CPU = Debug|Any CPU
		Release|Any CPU = Release|Any CPU
	EndGlobalSection
	GlobalSection(ProjectConfigurationPlatforms) = postSolution
		{632A47B5-0575-4716-AB49-FE5981B777AD}.Debug|Any CPU.ActiveCfg = Debug|Any CPU
		{632A47B5-0575-4716-AB49-FE5981B777AD}.Debug|Any CPU.Build.0 = Debug|Any CPU
		{632A47B5-0575-4716-AB49-FE5981B777AD}.Release|Any CPU.ActiveCfg = Release|Any CPU
		{632A47B5-0575-4716-AB49-FE5981B777AD}.Release|Any CPU.Build.0 = Release|Any CPU
	EndGlobalSection
	GlobalSection(SolutionProperties) = preSolution
		HideSolutionNode = FALSE
	EndGlobalSection
	GlobalSection(ExtensibilityGlobals) = postSolution
		SolutionGuid = {868960C0-B7DB-4D4F-AEB4-0F1CBB3D93C4}
	EndGlobalSection
EndGlobal
