
Microsoft Visual Studio Solution File, Format Version 12.00
# Visual Studio Version 16
VisualStudioVersion = 16.0.31424.327
MinimumVisualStudioVersion = 10.0.40219.1
Project("{FAE04EC0-301F-11D3-BF4B-00C04F79EFBC}") = "ExcelGenerator", "ExcelGenerator\ExcelGenerator.csproj", "{CE9195B4-3F30-4426-B3A2-39CD49DB6980}"
EndProject
Global
	GlobalSection(SolutionConfigurationPlatforms) = preSolution
		Debug|Any CPU = Debug|Any CPU
		Release|Any CPU = Release|Any CPU
	EndGlobalSection
	GlobalSection(ProjectConfigurationPlatforms) = postSolution
		{CE9195B4-3F30-4426-B3A2-39CD49DB6980}.Debug|Any CPU.ActiveCfg = Debug|Any CPU
		{CE9195B4-3F30-4426-B3A2-39CD49DB6980}.Debug|Any CPU.Build.0 = Debug|Any CPU
		{CE9195B4-3F30-4426-B3A2-39CD49DB6980}.Release|Any CPU.ActiveCfg = Release|Any CPU
		{CE9195B4-3F30-4426-B3A2-39CD49DB6980}.Release|Any CPU.Build.0 = Release|Any CPU
	EndGlobalSection
	GlobalSection(SolutionProperties) = preSolution
		HideSolutionNode = FALSE
	EndGlobalSection
	GlobalSection(ExtensibilityGlobals) = postSolution
		SolutionGuid = {8AB92ACF-6D28-4650-BB9B-885109E4C52A}
	EndGlobalSection
EndGlobal
