
Microsoft Visual Studio Solution File, Format Version 12.00
# Visual Studio Version 16
VisualStudioVersion = 16.0.32228.343
MinimumVisualStudioVersion = 10.0.40219.1
Project("{FAE04EC0-301F-11D3-BF4B-00C04F79EFBC}") = "Gyak8_Patterns", "Gyak8_Patterns\Gyak8_Patterns.csproj", "{83E767DD-FBF4-42D0-8B9A-00B9635BAAC0}"
EndProject
Global
	GlobalSection(SolutionConfigurationPlatforms) = preSolution
		Debug|Any CPU = Debug|Any CPU
		Release|Any CPU = Release|Any CPU
	EndGlobalSection
	GlobalSection(ProjectConfigurationPlatforms) = postSolution
		{83E767DD-FBF4-42D0-8B9A-00B9635BAAC0}.Debug|Any CPU.ActiveCfg = Debug|Any CPU
		{83E767DD-FBF4-42D0-8B9A-00B9635BAAC0}.Debug|Any CPU.Build.0 = Debug|Any CPU
		{83E767DD-FBF4-42D0-8B9A-00B9635BAAC0}.Release|Any CPU.ActiveCfg = Release|Any CPU
		{83E767DD-FBF4-42D0-8B9A-00B9635BAAC0}.Release|Any CPU.Build.0 = Release|Any CPU
	EndGlobalSection
	GlobalSection(SolutionProperties) = preSolution
		HideSolutionNode = FALSE
	EndGlobalSection
	GlobalSection(ExtensibilityGlobals) = postSolution
		SolutionGuid = {8435CFB5-80E5-4BB6-AD35-5F52A1CA77D8}
	EndGlobalSection
EndGlobal
